
Microsoft Visual Studio Solution File, Format Version 12.00
# Visual Studio Version 16
VisualStudioVersion = 16.0.28803.202
MinimumVisualStudioVersion = 10.0.40219.1
Project("{FAE04EC0-301F-11D3-BF4B-00C04F79EFBC}") = "Facultative_Lesson_3_Task_1", "Facultative_Lesson_3_4\Facultative_Lesson_3_Task_1.csproj", "{2801BC4C-15AF-492F-AB33-F50CF811A5BE}"
EndProject
Project("{FAE04EC0-301F-11D3-BF4B-00C04F79EFBC}") = "Facultative_Lesson_4_Task_1", "Facultative_Lesson_4_Task_1\Facultative_Lesson_4_Task_1.csproj", "{081D3B10-63D0-488B-B15F-A91AA67F6D14}"
EndProject
Global
	GlobalSection(SolutionConfigurationPlatforms) = preSolution
		Debug|Any CPU = Debug|Any CPU
		Release|Any CPU = Release|Any CPU
	EndGlobalSection
	GlobalSection(ProjectConfigurationPlatforms) = postSolution
		{2801BC4C-15AF-492F-AB33-F50CF811A5BE}.Debug|Any CPU.ActiveCfg = Debug|Any CPU
		{2801BC4C-15AF-492F-AB33-F50CF811A5BE}.Debug|Any CPU.Build.0 = Debug|Any CPU
		{2801BC4C-15AF-492F-AB33-F50CF811A5BE}.Release|Any CPU.ActiveCfg = Release|Any CPU
		{2801BC4C-15AF-492F-AB33-F50CF811A5BE}.Release|Any CPU.Build.0 = Release|Any CPU
		{081D3B10-63D0-488B-B15F-A91AA67F6D14}.Debug|Any CPU.ActiveCfg = Debug|Any CPU
		{081D3B10-63D0-488B-B15F-A91AA67F6D14}.Debug|Any CPU.Build.0 = Debug|Any CPU
		{081D3B10-63D0-488B-B15F-A91AA67F6D14}.Release|Any CPU.ActiveCfg = Release|Any CPU
		{081D3B10-63D0-488B-B15F-A91AA67F6D14}.Release|Any CPU.Build.0 = Release|Any CPU
	EndGlobalSection
	GlobalSection(SolutionProperties) = preSolution
		HideSolutionNode = FALSE
	EndGlobalSection
	GlobalSection(ExtensibilityGlobals) = postSolution
		SolutionGuid = {079BBCDA-A13E-4392-AB9F-E50181C02B69}
	EndGlobalSection
EndGlobal
